
Microsoft Visual Studio Solution File, Format Version 12.00
# Visual Studio 2012
Project("{FAE04EC0-301F-11D3-BF4B-00C04F79EFBC}") = "csHabitApp", "csHabitApp\csHabitApp.csproj", "{2B0CBED4-6F5C-4910-AF7E-9D5D8984CAD5}"
EndProject
Global
	GlobalSection(SolutionConfigurationPlatforms) = preSolution
		Debug|Any CPU = Debug|Any CPU
		Release|Any CPU = Release|Any CPU
	EndGlobalSection
	GlobalSection(ProjectConfigurationPlatforms) = postSolution
		{2B0CBED4-6F5C-4910-AF7E-9D5D8984CAD5}.Debug|Any CPU.ActiveCfg = Debug|Any CPU
		{2B0CBED4-6F5C-4910-AF7E-9D5D8984CAD5}.Debug|Any CPU.Build.0 = Debug|Any CPU
		{2B0CBED4-6F5C-4910-AF7E-9D5D8984CAD5}.Release|Any CPU.ActiveCfg = Release|Any CPU
		{2B0CBED4-6F5C-4910-AF7E-9D5D8984CAD5}.Release|Any CPU.Build.0 = Release|Any CPU
	EndGlobalSection
	GlobalSection(SolutionProperties) = preSolution
		HideSolutionNode = FALSE
	EndGlobalSection
EndGlobal
